// !$*UTF8*$!
{
	archiveVersion = 1;
	classes = {
	};
	objectVersion = 46;
	objects = {

/* Begin PBXBuildFile section */
		E919C62C1A95387300D5D781 /* StateVariables.m in Sources */ = {isa = PBXBuildFile; fileRef = E919C62B1A95387300D5D781 /* StateVariables.m */; };
		E9C81FC81A6BD321008B5291 /* main.m in Sources */ = {isa = PBXBuildFile; fileRef = E9C81FC71A6BD321008B5291 /* main.m */; };
		E9C81FCB1A6BD321008B5291 /* AppDelegate.m in Sources */ = {isa = PBXBuildFile; fileRef = E9C81FCA1A6BD321008B5291 /* AppDelegate.m */; };
		E9C81FCE1A6BD321008B5291 /* AskMeWhy.xcdatamodeld in Sources */ = {isa = PBXBuildFile; fileRef = E9C81FCC1A6BD321008B5291 /* AskMeWhy.xcdatamodeld */; };
		E9C81FD11A6BD321008B5291 /* ViewController.m in Sources */ = {isa = PBXBuildFile; fileRef = E9C81FD01A6BD321008B5291 /* ViewController.m */; };
		E9C81FD41A6BD321008B5291 /* Main.storyboard in Resources */ = {isa = PBXBuildFile; fileRef = E9C81FD21A6BD321008B5291 /* Main.storyboard */; };
		E9C81FD61A6BD321008B5291 /* Images.xcassets in Resources */ = {isa = PBXBuildFile; fileRef = E9C81FD51A6BD321008B5291 /* Images.xcassets */; };
		E9C81FD91A6BD321008B5291 /* LaunchScreen.xib in Resources */ = {isa = PBXBuildFile; fileRef = E9C81FD71A6BD321008B5291 /* LaunchScreen.xib */; };
		E9C81FE51A6BD321008B5291 /* AskMeWhyTests.m in Sources */ = {isa = PBXBuildFile; fileRef = E9C81FE41A6BD321008B5291 /* AskMeWhyTests.m */; };
		E9C81FF01A6BED9E008B5291 /* SignUpViewController.m in Sources */ = {isa = PBXBuildFile; fileRef = E9C81FEF1A6BED9E008B5291 /* SignUpViewController.m */; };
		E9C820111A6BFE39008B5291 /* Bolts.framework in Frameworks */ = {isa = PBXBuildFile; fileRef = E9C8200F1A6BFE39008B5291 /* Bolts.framework */; };
		E9C820121A6BFE39008B5291 /* Parse.framework in Frameworks */ = {isa = PBXBuildFile; fileRef = E9C820101A6BFE39008B5291 /* Parse.framework */; };
		E9C820141A6BFE82008B5291 /* AudioToolbox.framework in Frameworks */ = {isa = PBXBuildFile; fileRef = E9C820131A6BFE82008B5291 /* AudioToolbox.framework */; };
		E9C820161A6BFE9A008B5291 /* CFNetwork.framework in Frameworks */ = {isa = PBXBuildFile; fileRef = E9C820151A6BFE9A008B5291 /* CFNetwork.framework */; };
		E9C820181A6BFEB3008B5291 /* CoreGraphics.framework in Frameworks */ = {isa = PBXBuildFile; fileRef = E9C820171A6BFEB3008B5291 /* CoreGraphics.framework */; };
		E9C8201A1A6BFED1008B5291 /* CoreLocation.framework in Frameworks */ = {isa = PBXBuildFile; fileRef = E9C820191A6BFED1008B5291 /* CoreLocation.framework */; };
		E9C8201C1A6BFEF0008B5291 /* MobileCoreServices.framework in Frameworks */ = {isa = PBXBuildFile; fileRef = E9C8201B1A6BFEF0008B5291 /* MobileCoreServices.framework */; };
		E9C8201E1A6BFF17008B5291 /* QuartzCore.framework in Frameworks */ = {isa = PBXBuildFile; fileRef = E9C8201D1A6BFF17008B5291 /* QuartzCore.framework */; };
		E9C820201A6BFF34008B5291 /* Security.framework in Frameworks */ = {isa = PBXBuildFile; fileRef = E9C8201F1A6BFF34008B5291 /* Security.framework */; };
		E9C820221A6BFF48008B5291 /* StoreKit.framework in Frameworks */ = {isa = PBXBuildFile; fileRef = E9C820211A6BFF48008B5291 /* StoreKit.framework */; };
		E9C820241A6BFF62008B5291 /* SystemConfiguration.framework in Frameworks */ = {isa = PBXBuildFile; fileRef = E9C820231A6BFF62008B5291 /* SystemConfiguration.framework */; };
		E9C820261A6BFF72008B5291 /* libz.dylib in Frameworks */ = {isa = PBXBuildFile; fileRef = E9C820251A6BFF72008B5291 /* libz.dylib */; };
		E9C820281A6BFF8D008B5291 /* libsqlite3.dylib in Frameworks */ = {isa = PBXBuildFile; fileRef = E9C820271A6BFF8D008B5291 /* libsqlite3.dylib */; };
/* End PBXBuildFile section */

/* Begin PBXContainerItemProxy section */
		E9C81FDF1A6BD321008B5291 /* PBXContainerItemProxy */ = {
			isa = PBXContainerItemProxy;
			containerPortal = E9C81FBA1A6BD321008B5291 /* Project object */;
			proxyType = 1;
			remoteGlobalIDString = E9C81FC11A6BD321008B5291;
			remoteInfo = AskMeWhy;
		};
/* End PBXContainerItemProxy section */

/* Begin PBXFileReference section */
		E919C62A1A95274D00D5D781 /* StateVariables.h */ = {isa = PBXFileReference; lastKnownFileType = sourcecode.c.h; path = StateVariables.h; sourceTree = "<group>"; };
		E919C62B1A95387300D5D781 /* StateVariables.m */ = {isa = PBXFileReference; fileEncoding = 4; lastKnownFileType = sourcecode.c.objc; path = StateVariables.m; sourceTree = "<group>"; };
		E9C81FC21A6BD321008B5291 /* AskMeWhy.app */ = {isa = PBXFileReference; explicitFileType = wrapper.application; includeInIndex = 0; path = AskMeWhy.app; sourceTree = BUILT_PRODUCTS_DIR; };
		E9C81FC61A6BD321008B5291 /* Info.plist */ = {isa = PBXFileReference; lastKnownFileType = text.plist.xml; path = Info.plist; sourceTree = "<group>"; };
		E9C81FC71A6BD321008B5291 /* main.m */ = {isa = PBXFileReference; lastKnownFileType = sourcecode.c.objc; path = main.m; sourceTree = "<group>"; };
		E9C81FC91A6BD321008B5291 /* AppDelegate.h */ = {isa = PBXFileReference; lastKnownFileType = sourcecode.c.h; path = AppDelegate.h; sourceTree = "<group>"; };
		E9C81FCA1A6BD321008B5291 /* AppDelegate.m */ = {isa = PBXFileReference; lastKnownFileType = sourcecode.c.objc; path = AppDelegate.m; sourceTree = "<group>"; };
		E9C81FCD1A6BD321008B5291 /* AskMeWhy.xcdatamodel */ = {isa = PBXFileReference; lastKnownFileType = wrapper.xcdatamodel; path = AskMeWhy.xcdatamodel; sourceTree = "<group>"; };
		E9C81FCF1A6BD321008B5291 /* ViewController.h */ = {isa = PBXFileReference; lastKnownFileType = sourcecode.c.h; path = ViewController.h; sourceTree = "<group>"; };
		E9C81FD01A6BD321008B5291 /* ViewController.m */ = {isa = PBXFileReference; lastKnownFileType = sourcecode.c.objc; path = ViewController.m; sourceTree = "<group>"; };
		E9C81FD31A6BD321008B5291 /* Base */ = {isa = PBXFileReference; lastKnownFileType = file.storyboard; name = Base; path = Base.lproj/Main.storyboard; sourceTree = "<group>"; };
		E9C81FD51A6BD321008B5291 /* Images.xcassets */ = {isa = PBXFileReference; lastKnownFileType = folder.assetcatalog; path = Images.xcassets; sourceTree = "<group>"; };
		E9C81FD81A6BD321008B5291 /* Base */ = {isa = PBXFileReference; lastKnownFileType = file.xib; name = Base; path = Base.lproj/LaunchScreen.xib; sourceTree = "<group>"; };
		E9C81FDE1A6BD321008B5291 /* AskMeWhyTests.xctest */ = {isa = PBXFileReference; explicitFileType = wrapper.cfbundle; includeInIndex = 0; path = AskMeWhyTests.xctest; sourceTree = BUILT_PRODUCTS_DIR; };
		E9C81FE31A6BD321008B5291 /* Info.plist */ = {isa = PBXFileReference; lastKnownFileType = text.plist.xml; path = Info.plist; sourceTree = "<group>"; };
		E9C81FE41A6BD321008B5291 /* AskMeWhyTests.m */ = {isa = PBXFileReference; lastKnownFileType = sourcecode.c.objc; path = AskMeWhyTests.m; sourceTree = "<group>"; };
		E9C81FEE1A6BED47008B5291 /* SignUpViewController.h */ = {isa = PBXFileReference; lastKnownFileType = sourcecode.c.h; path = SignUpViewController.h; sourceTree = "<group>"; };
		E9C81FEF1A6BED9E008B5291 /* SignUpViewController.m */ = {isa = PBXFileReference; fileEncoding = 4; lastKnownFileType = sourcecode.c.objc; path = SignUpViewController.m; sourceTree = "<group>"; };
		E9C8200F1A6BFE39008B5291 /* Bolts.framework */ = {isa = PBXFileReference; lastKnownFileType = wrapper.framework; name = Bolts.framework; path = "../../Downloads/parse-library-1/Bolts.framework"; sourceTree = "<group>"; };
		E9C820101A6BFE39008B5291 /* Parse.framework */ = {isa = PBXFileReference; lastKnownFileType = wrapper.framework; name = Parse.framework; path = "../../Downloads/parse-library-1/Parse.framework"; sourceTree = "<group>"; };
		E9C820131A6BFE82008B5291 /* AudioToolbox.framework */ = {isa = PBXFileReference; lastKnownFileType = wrapper.framework; name = AudioToolbox.framework; path = System/Library/Frameworks/AudioToolbox.framework; sourceTree = SDKROOT; };
		E9C820151A6BFE9A008B5291 /* CFNetwork.framework */ = {isa = PBXFileReference; lastKnownFileType = wrapper.framework; name = CFNetwork.framework; path = System/Library/Frameworks/CFNetwork.framework; sourceTree = SDKROOT; };
		E9C820171A6BFEB3008B5291 /* CoreGraphics.framework */ = {isa = PBXFileReference; lastKnownFileType = wrapper.framework; name = CoreGraphics.framework; path = System/Library/Frameworks/CoreGraphics.framework; sourceTree = SDKROOT; };
		E9C820191A6BFED1008B5291 /* CoreLocation.framework */ = {isa = PBXFileReference; lastKnownFileType = wrapper.framework; name = CoreLocation.framework; path = System/Library/Frameworks/CoreLocation.framework; sourceTree = SDKROOT; };
		E9C8201B1A6BFEF0008B5291 /* MobileCoreServices.framework */ = {isa = PBXFileReference; lastKnownFileType = wrapper.framework; name = MobileCoreServices.framework; path = System/Library/Frameworks/MobileCoreServices.framework; sourceTree = SDKROOT; };
		E9C8201D1A6BFF17008B5291 /* QuartzCore.framework */ = {isa = PBXFileReference; lastKnownFileType = wrapper.framework; name = QuartzCore.framework; path = System/Library/Frameworks/QuartzCore.framework; sourceTree = SDKROOT; };
		E9C8201F1A6BFF34008B5291 /* Security.framework */ = {isa = PBXFileReference; lastKnownFileType = wrapper.framework; name = Security.framework; path = System/Library/Frameworks/Security.framework; sourceTree = SDKROOT; };
		E9C820211A6BFF48008B5291 /* StoreKit.framework */ = {isa = PBXFileReference; lastKnownFileType = wrapper.framework; name = StoreKit.framework; path = System/Library/Frameworks/StoreKit.framework; sourceTree = SDKROOT; };
		E9C820231A6BFF62008B5291 /* SystemConfiguration.framework */ = {isa = PBXFileReference; lastKnownFileType = wrapper.framework; name = SystemConfiguration.framework; path = System/Library/Frameworks/SystemConfiguration.framework; sourceTree = SDKROOT; };
		E9C820251A6BFF72008B5291 /* libz.dylib */ = {isa = PBXFileReference; lastKnownFileType = "compiled.mach-o.dylib"; name = libz.dylib; path = usr/lib/libz.dylib; sourceTree = SDKROOT; };
		E9C820271A6BFF8D008B5291 /* libsqlite3.dylib */ = {isa = PBXFileReference; lastKnownFileType = "compiled.mach-o.dylib"; name = libsqlite3.dylib; path = usr/lib/libsqlite3.dylib; sourceTree = SDKROOT; };
/* End PBXFileReference section */

/* Begin PBXFrameworksBuildPhase section */
		E9C81FBF1A6BD321008B5291 /* Frameworks */ = {
			isa = PBXFrameworksBuildPhase;
			buildActionMask = 2147483647;
			files = (
				E9C820281A6BFF8D008B5291 /* libsqlite3.dylib in Frameworks */,
				E9C820261A6BFF72008B5291 /* libz.dylib in Frameworks */,
				E9C820241A6BFF62008B5291 /* SystemConfiguration.framework in Frameworks */,
				E9C820221A6BFF48008B5291 /* StoreKit.framework in Frameworks */,
				E9C820201A6BFF34008B5291 /* Security.framework in Frameworks */,
				E9C8201E1A6BFF17008B5291 /* QuartzCore.framework in Frameworks */,
				E9C8201C1A6BFEF0008B5291 /* MobileCoreServices.framework in Frameworks */,
				E9C8201A1A6BFED1008B5291 /* CoreLocation.framework in Frameworks */,
				E9C820181A6BFEB3008B5291 /* CoreGraphics.framework in Frameworks */,
				E9C820161A6BFE9A008B5291 /* CFNetwork.framework in Frameworks */,
				E9C820141A6BFE82008B5291 /* AudioToolbox.framework in Frameworks */,
				E9C820111A6BFE39008B5291 /* Bolts.framework in Frameworks */,
				E9C820121A6BFE39008B5291 /* Parse.framework in Frameworks */,
			);
			runOnlyForDeploymentPostprocessing = 0;
		};
		E9C81FDB1A6BD321008B5291 /* Frameworks */ = {
			isa = PBXFrameworksBuildPhase;
			buildActionMask = 2147483647;
			files = (
			);
			runOnlyForDeploymentPostprocessing = 0;
		};
/* End PBXFrameworksBuildPhase section */

/* Begin PBXGroup section */
		E9C81FB91A6BD321008B5291 = {
			isa = PBXGroup;
			children = (
				E9C820271A6BFF8D008B5291 /* libsqlite3.dylib */,
				E9C820251A6BFF72008B5291 /* libz.dylib */,
				E9C820231A6BFF62008B5291 /* SystemConfiguration.framework */,
				E9C820211A6BFF48008B5291 /* StoreKit.framework */,
				E9C8201F1A6BFF34008B5291 /* Security.framework */,
				E9C8201D1A6BFF17008B5291 /* QuartzCore.framework */,
				E9C8201B1A6BFEF0008B5291 /* MobileCoreServices.framework */,
				E9C820191A6BFED1008B5291 /* CoreLocation.framework */,
				E9C820171A6BFEB3008B5291 /* CoreGraphics.framework */,
				E9C820151A6BFE9A008B5291 /* CFNetwork.framework */,
				E9C820131A6BFE82008B5291 /* AudioToolbox.framework */,
				E9C8200F1A6BFE39008B5291 /* Bolts.framework */,
				E9C820101A6BFE39008B5291 /* Parse.framework */,
				E9C81FC41A6BD321008B5291 /* AskMeWhy */,
				E9C81FE11A6BD321008B5291 /* AskMeWhyTests */,
				E9C81FC31A6BD321008B5291 /* Products */,
			);
			sourceTree = "<group>";
		};
		E9C81FC31A6BD321008B5291 /* Products */ = {
			isa = PBXGroup;
			children = (
				E9C81FC21A6BD321008B5291 /* AskMeWhy.app */,
				E9C81FDE1A6BD321008B5291 /* AskMeWhyTests.xctest */,
			);
			name = Products;
			sourceTree = "<group>";
		};
		E9C81FC41A6BD321008B5291 /* AskMeWhy */ = {
			isa = PBXGroup;
			children = (
				E9C81FC91A6BD321008B5291 /* AppDelegate.h */,
				E9C81FCA1A6BD321008B5291 /* AppDelegate.m */,
				E919C62A1A95274D00D5D781 /* StateVariables.h */,
				E919C62B1A95387300D5D781 /* StateVariables.m */,
				E9C81FCF1A6BD321008B5291 /* ViewController.h */,
				E9C81FD01A6BD321008B5291 /* ViewController.m */,
				E9C81FEE1A6BED47008B5291 /* SignUpViewController.h */,
				E9C81FEF1A6BED9E008B5291 /* SignUpViewController.m */,
				E9C81FD21A6BD321008B5291 /* Main.storyboard */,
				E9C81FD51A6BD321008B5291 /* Images.xcassets */,
				E9C81FD71A6BD321008B5291 /* LaunchScreen.xib */,
				E9C81FCC1A6BD321008B5291 /* AskMeWhy.xcdatamodeld */,
				E9C81FC51A6BD321008B5291 /* Supporting Files */,
			);
			path = AskMeWhy;
			sourceTree = "<group>";
		};
		E9C81FC51A6BD321008B5291 /* Supporting Files */ = {
			isa = PBXGroup;
			children = (
				E9C81FC61A6BD321008B5291 /* Info.plist */,
				E9C81FC71A6BD321008B5291 /* main.m */,
			);
			name = "Supporting Files";
			sourceTree = "<group>";
		};
		E9C81FE11A6BD321008B5291 /* AskMeWhyTests */ = {
			isa = PBXGroup;
			children = (
				E9C81FE41A6BD321008B5291 /* AskMeWhyTests.m */,
				E9C81FE21A6BD321008B5291 /* Supporting Files */,
			);
			path = AskMeWhyTests;
			sourceTree = "<group>";
		};
		E9C81FE21A6BD321008B5291 /* Supporting Files */ = {
			isa = PBXGroup;
			children = (
				E9C81FE31A6BD321008B5291 /* Info.plist */,
			);
			name = "Supporting Files";
			sourceTree = "<group>";
		};
/* End PBXGroup section */

/* Begin PBXNativeTarget section */
		E9C81FC11A6BD321008B5291 /* AskMeWhy */ = {
			isa = PBXNativeTarget;
			buildConfigurationList = E9C81FE81A6BD321008B5291 /* Build configuration list for PBXNativeTarget "AskMeWhy" */;
			buildPhases = (
				E9C81FBE1A6BD321008B5291 /* Sources */,
				E9C81FBF1A6BD321008B5291 /* Frameworks */,
				E9C81FC01A6BD321008B5291 /* Resources */,
			);
			buildRules = (
			);
			dependencies = (
			);
			name = AskMeWhy;
			productName = AskMeWhy;
			productReference = E9C81FC21A6BD321008B5291 /* AskMeWhy.app */;
			productType = "com.apple.product-type.application";
		};
		E9C81FDD1A6BD321008B5291 /* AskMeWhyTests */ = {
			isa = PBXNativeTarget;
			buildConfigurationList = E9C81FEB1A6BD321008B5291 /* Build configuration list for PBXNativeTarget "AskMeWhyTests" */;
			buildPhases = (
				E9C81FDA1A6BD321008B5291 /* Sources */,
				E9C81FDB1A6BD321008B5291 /* Frameworks */,
				E9C81FDC1A6BD321008B5291 /* Resources */,
			);
			buildRules = (
			);
			dependencies = (
				E9C81FE01A6BD321008B5291 /* PBXTargetDependency */,
			);
			name = AskMeWhyTests;
			productName = AskMeWhyTests;
			productReference = E9C81FDE1A6BD321008B5291 /* AskMeWhyTests.xctest */;
			productType = "com.apple.product-type.bundle.unit-test";
		};
/* End PBXNativeTarget section */

/* Begin PBXProject section */
		E9C81FBA1A6BD321008B5291 /* Project object */ = {
			isa = PBXProject;
			attributes = {
				LastUpgradeCheck = 0610;
				ORGANIZATIONNAME = "Zitech Mobile LLC";
				TargetAttributes = {
					E9C81FC11A6BD321008B5291 = {
						CreatedOnToolsVersion = 6.1.1;
					};
					E9C81FDD1A6BD321008B5291 = {
						CreatedOnToolsVersion = 6.1.1;
						TestTargetID = E9C81FC11A6BD321008B5291;
					};
				};
			};
			buildConfigurationList = E9C81FBD1A6BD321008B5291 /* Build configuration list for PBXProject "AskMeWhy" */;
			compatibilityVersion = "Xcode 3.2";
			developmentRegion = English;
			hasScannedForEncodings = 0;
			knownRegions = (
				en,
				Base,
			);
			mainGroup = E9C81FB91A6BD321008B5291;
			productRefGroup = E9C81FC31A6BD321008B5291 /* Products */;
			projectDirPath = "";
			projectRoot = "";
			targets = (
				E9C81FC11A6BD321008B5291 /* AskMeWhy */,
				E9C81FDD1A6BD321008B5291 /* AskMeWhyTests */,
			);
		};
/* End PBXProject section */

/* Begin PBXResourcesBuildPhase section */
		E9C81FC01A6BD321008B5291 /* Resources */ = {
			isa = PBXResourcesBuildPhase;
			buildActionMask = 2147483647;
			files = (
				E9C81FD41A6BD321008B5291 /* Main.storyboard in Resources */,
				E9C81FD91A6BD321008B5291 /* LaunchScreen.xib in Resources */,
				E9C81FD61A6BD321008B5291 /* Images.xcassets in Resources */,
			);
			runOnlyForDeploymentPostprocessing = 0;
		};
		E9C81FDC1A6BD321008B5291 /* Resources */ = {
			isa = PBXResourcesBuildPhase;
			buildActionMask = 2147483647;
			files = (
			);
			runOnlyForDeploymentPostprocessing = 0;
		};
/* End PBXResourcesBuildPhase section */

/* Begin PBXSourcesBuildPhase section */
		E9C81FBE1A6BD321008B5291 /* Sources */ = {
			isa = PBXSourcesBuildPhase;
			buildActionMask = 2147483647;
			files = (
				E9C81FCB1A6BD321008B5291 /* AppDelegate.m in Sources */,
				E9C81FF01A6BED9E008B5291 /* SignUpViewController.m in Sources */,
				E9C81FCE1A6BD321008B5291 /* AskMeWhy.xcdatamodeld in Sources */,
				E9C81FD11A6BD321008B5291 /* ViewController.m in Sources */,
				E9C81FC81A6BD321008B5291 /* main.m in Sources */,
				E919C62C1A95387300D5D781 /* StateVariables.m in Sources */,
			);
			runOnlyForDeploymentPostprocessing = 0;
		};
		E9C81FDA1A6BD321008B5291 /* Sources */ = {
			isa = PBXSourcesBuildPhase;
			buildActionMask = 2147483647;
			files = (
				E9C81FE51A6BD321008B5291 /* AskMeWhyTests.m in Sources */,
			);
			runOnlyForDeploymentPostprocessing = 0;
		};
/* End PBXSourcesBuildPhase section */

/* Begin PBXTargetDependency section */
		E9C81FE01A6BD321008B5291 /* PBXTargetDependency */ = {
			isa = PBXTargetDependency;
			target = E9C81FC11A6BD321008B5291 /* AskMeWhy */;
			targetProxy = E9C81FDF1A6BD321008B5291 /* PBXContainerItemProxy */;
		};
/* End PBXTargetDependency section */

/* Begin PBXVariantGroup section */
		E9C81FD21A6BD321008B5291 /* Main.storyboard */ = {
			isa = PBXVariantGroup;
			children = (
				E9C81FD31A6BD321008B5291 /* Base */,
			);
			name = Main.storyboard;
			sourceTree = "<group>";
		};
		E9C81FD71A6BD321008B5291 /* LaunchScreen.xib */ = {
			isa = PBXVariantGroup;
			children = (
				E9C81FD81A6BD321008B5291 /* Base */,
			);
			name = LaunchScreen.xib;
			sourceTree = "<group>";
		};
/* End PBXVariantGroup section */

/* Begin XCBuildConfiguration section */
		E9C81FE61A6BD321008B5291 /* Debug */ = {
			isa = XCBuildConfiguration;
			buildSettings = {
				ALWAYS_SEARCH_USER_PATHS = NO;
				CLANG_CXX_LANGUAGE_STANDARD = "gnu++0x";
				CLANG_CXX_LIBRARY = "libc++";
				CLANG_ENABLE_MODULES = YES;
				CLANG_ENABLE_OBJC_ARC = YES;
				CLANG_WARN_BOOL_CONVERSION = YES;
				CLANG_WARN_CONSTANT_CONVERSION = YES;
				CLANG_WARN_DIRECT_OBJC_ISA_USAGE = YES_ERROR;
				CLANG_WARN_EMPTY_BODY = YES;
				CLANG_WARN_ENUM_CONVERSION = YES;
				CLANG_WARN_INT_CONVERSION = YES;
				CLANG_WARN_OBJC_ROOT_CLASS = YES_ERROR;
				CLANG_WARN_UNREACHABLE_CODE = YES;
				CLANG_WARN__DUPLICATE_METHOD_MATCH = YES;
				"CODE_SIGN_IDENTITY[sdk=iphoneos*]" = "iPhone Developer";
				COPY_PHASE_STRIP = NO;
				ENABLE_STRICT_OBJC_MSGSEND = YES;
				GCC_C_LANGUAGE_STANDARD = gnu99;
				GCC_DYNAMIC_NO_PIC = NO;
				GCC_OPTIMIZATION_LEVEL = 0;
				GCC_PREPROCESSOR_DEFINITIONS = (
					"DEBUG=1",
					"$(inherited)",
				);
				GCC_SYMBOLS_PRIVATE_EXTERN = NO;
				GCC_WARN_64_TO_32_BIT_CONVERSION = YES;
				GCC_WARN_ABOUT_RETURN_TYPE = YES_ERROR;
				GCC_WARN_UNDECLARED_SELECTOR = YES;
				GCC_WARN_UNINITIALIZED_AUTOS = YES_AGGRESSIVE;
				GCC_WARN_UNUSED_FUNCTION = YES;
				GCC_WARN_UNUSED_VARIABLE = YES;
				IPHONEOS_DEPLOYMENT_TARGET = 8.1;
				MTL_ENABLE_DEBUG_INFO = YES;
				ONLY_ACTIVE_ARCH = YES;
				SDKROOT = iphoneos;
				TARGETED_DEVICE_FAMILY = "1,2";
			};
			name = Debug;
		};
		E9C81FE71A6BD321008B5291 /* Release */ = {
			isa = XCBuildConfiguration;
			buildSettings = {
				ALWAYS_SEARCH_USER_PATHS = NO;
				CLANG_CXX_LANGUAGE_STANDARD = "gnu++0x";
				CLANG_CXX_LIBRARY = "libc++";
				CLANG_ENABLE_MODULES = YES;
				CLANG_ENABLE_OBJC_ARC = YES;
				CLANG_WARN_BOOL_CONVERSION = YES;
				CLANG_WARN_CONSTANT_CONVERSION = YES;
				CLANG_WARN_DIRECT_OBJC_ISA_USAGE = YES_ERROR;
				CLANG_WARN_EMPTY_BODY = YES;
				CLANG_WARN_ENUM_CONVERSION = YES;
				CLANG_WARN_INT_CONVERSION = YES;
				CLANG_WARN_OBJC_ROOT_CLASS = YES_ERROR;
				CLANG_WARN_UNREACHABLE_CODE = YES;
				CLANG_WARN__DUPLICATE_METHOD_MATCH = YES;
				"CODE_SIGN_IDENTITY[sdk=iphoneos*]" = "iPhone Developer";
				COPY_PHASE_STRIP = YES;
				ENABLE_NS_ASSERTIONS = NO;
				ENABLE_STRICT_OBJC_MSGSEND = YES;
				GCC_C_LANGUAGE_STANDARD = gnu99;
				GCC_WARN_64_TO_32_BIT_CONVERSION = YES;
				GCC_WARN_ABOUT_RETURN_TYPE = YES_ERROR;
				GCC_WARN_UNDECLARED_SELECTOR = YES;
				GCC_WARN_UNINITIALIZED_AUTOS = YES_AGGRESSIVE;
				GCC_WARN_UNUSED_FUNCTION = YES;
				GCC_WARN_UNUSED_VARIABLE = YES;
				IPHONEOS_DEPLOYMENT_TARGET = 8.1;
				MTL_ENABLE_DEBUG_INFO = NO;
				SDKROOT = iphoneos;
				TARGETED_DEVICE_FAMILY = "1,2";
				VALIDATE_PRODUCT = YES;
			};
			name = Release;
		};
		E9C81FE91A6BD321008B5291 /* Debug */ = {
			isa = XCBuildConfiguration;
			buildSettings = {
				ASSETCATALOG_COMPILER_APPICON_NAME = AppIcon;
				FRAMEWORK_SEARCH_PATHS = (
					"$(inherited)",
					"/Users/pavel/Downloads/parse-library-1",
				);
				INFOPLIST_FILE = AskMeWhy/Info.plist;
				LD_RUNPATH_SEARCH_PATHS = "$(inherited) @executable_path/Frameworks";
				PRODUCT_NAME = "$(TARGET_NAME)";
			};
			name = Debug;
		};
		E9C81FEA1A6BD321008B5291 /* Release */ = {
			isa = XCBuildConfiguration;
			buildSettings = {
				ASSETCATALOG_COMPILER_APPICON_NAME = AppIcon;
				FRAMEWORK_SEARCH_PATHS = (
					"$(inherited)",
					"/Users/pavel/Downloads/parse-library-1",
				);
				INFOPLIST_FILE = AskMeWhy/Info.plist;
				LD_RUNPATH_SEARCH_PATHS = "$(inherited) @executable_path/Frameworks";
				PRODUCT_NAME = "$(TARGET_NAME)";
			};
			name = Release;
		};
		E9C81FEC1A6BD321008B5291 /* Debug */ = {
			isa = XCBuildConfiguration;
			buildSettings = {
				BUNDLE_LOADER = "$(TEST_HOST)";
				FRAMEWORK_SEARCH_PATHS = (
					"$(SDKROOT)/Developer/Library/Frameworks",
					"$(inherited)",
				);
				GCC_PREPROCESSOR_DEFINITIONS = (
					"DEBUG=1",
					"$(inherited)",
				);
				INFOPLIST_FILE = AskMeWhyTests/Info.plist;
				LD_RUNPATH_SEARCH_PATHS = "$(inherited) @executable_path/Frameworks @loader_path/Frameworks";
				PRODUCT_NAME = "$(TARGET_NAME)";
				TEST_HOST = "$(BUILT_PRODUCTS_DIR)/AskMeWhy.app/AskMeWhy";
			};
			name = Debug;
		};
		E9C81FED1A6BD321008B5291 /* Release */ = {
			isa = XCBuildConfiguration;
			buildSettings = {
				BUNDLE_LOADER = "$(TEST_HOST)";
				FRAMEWORK_SEARCH_PATHS = (
					"$(SDKROOT)/Developer/Library/Frameworks",
					"$(inherited)",
				);
				INFOPLIST_FILE = AskMeWhyTests/Info.plist;
				LD_RUNPATH_SEARCH_PATHS = "$(inherited) @executable_path/Frameworks @loader_path/Frameworks";
				PRODUCT_NAME = "$(TARGET_NAME)";
				TEST_HOST = "$(BUILT_PRODUCTS_DIR)/AskMeWhy.app/AskMeWhy";
			};
			name = Release;
		};
/* End XCBuildConfiguration section */

/* Begin XCConfigurationList section */
		E9C81FBD1A6BD321008B5291 /* Build configuration list for PBXProject "AskMeWhy" */ = {
			isa = XCConfigurationList;
			buildConfigurations = (
				E9C81FE61A6BD321008B5291 /* Debug */,
				E9C81FE71A6BD321008B5291 /* Release */,
			);
			defaultConfigurationIsVisible = 0;
			defaultConfigurationName = Release;
		};
		E9C81FE81A6BD321008B5291 /* Build configuration list for PBXNativeTarget "AskMeWhy" */ = {
			isa = XCConfigurationList;
			buildConfigurations = (
				E9C81FE91A6BD321008B5291 /* Debug */,
				E9C81FEA1A6BD321008B5291 /* Release */,
			);
			defaultConfigurationIsVisible = 0;
			defaultConfigurationName = Release;
		};
		E9C81FEB1A6BD321008B5291 /* Build configuration list for PBXNativeTarget "AskMeWhyTests" */ = {
			isa = XCConfigurationList;
			buildConfigurations = (
				E9C81FEC1A6BD321008B5291 /* Debug */,
				E9C81FED1A6BD321008B5291 /* Release */,
			);
			defaultConfigurationIsVisible = 0;
			defaultConfigurationName = Release;
		};
/* End XCConfigurationList section */

/* Begin XCVersionGroup section */
		E9C81FCC1A6BD321008B5291 /* AskMeWhy.xcdatamodeld */ = {
			isa = XCVersionGroup;
			children = (
				E9C81FCD1A6BD321008B5291 /* AskMeWhy.xcdatamodel */,
			);
			currentVersion = E9C81FCD1A6BD321008B5291 /* AskMeWhy.xcdatamodel */;
			path = AskMeWhy.xcdatamodeld;
			sourceTree = "<group>";
			versionGroupType = wrapper.xcdatamodel;
		};
/* End XCVersionGroup section */
	};
	rootObject = E9C81FBA1A6BD321008B5291 /* Project object */;
}
